
Microsoft Visual Studio Solution File, Format Version 12.00
# Visual Studio 15
VisualStudioVersion = 15.0.28307.421
MinimumVisualStudioVersion = 10.0.40219.1
Project("{FAE04EC0-301F-11D3-BF4B-00C04F79EFBC}") = "LoaderApp", "LoaderApp\LoaderApp.csproj", "{8827451E-0353-43DC-AE72-7EAA5EA13A8E}"
EndProject
Global
	GlobalSection(SolutionConfigurationPlatforms) = preSolution
		Debug|Any CPU = Debug|Any CPU
		Release|Any CPU = Release|Any CPU
	EndGlobalSection
	GlobalSection(ProjectConfigurationPlatforms) = postSolution
		{8827451E-0353-43DC-AE72-7EAA5EA13A8E}.Debug|Any CPU.ActiveCfg = Debug|Any CPU
		{8827451E-0353-43DC-AE72-7EAA5EA13A8E}.Debug|Any CPU.Build.0 = Debug|Any CPU
		{8827451E-0353-43DC-AE72-7EAA5EA13A8E}.Release|Any CPU.ActiveCfg = Release|Any CPU
		{8827451E-0353-43DC-AE72-7EAA5EA13A8E}.Release|Any CPU.Build.0 = Release|Any CPU
	EndGlobalSection
	GlobalSection(SolutionProperties) = preSolution
		HideSolutionNode = FALSE
	EndGlobalSection
	GlobalSection(ExtensibilityGlobals) = postSolution
		SolutionGuid = {2ED6F9A2-8820-408B-9B60-B0E8499150AA}
	EndGlobalSection
EndGlobal
